
Microsoft Visual Studio Solution File, Format Version 12.00
# Visual Studio Version 16
VisualStudioVersion = 16.0.28922.388
MinimumVisualStudioVersion = 10.0.40219.1
Project("{9A19103F-16F7-4668-BE54-9A1E7A4F7556}") = "LamuFlix.Test", "tests\LamuFlix.Test\LamuFlix.Test.csproj", "{36FFE64A-5FD6-48CD-B3BB-64EC05560E03}"
EndProject
Project("{FAE04EC0-301F-11D3-BF4B-00C04F79EFBC}") = "LamuFlix.Worker", "src\LamuFlix.Worker\LamuFlix.Worker.csproj", "{45101AC4-6545-468C-8FFA-E6C39D8541DA}"
EndProject
Project("{9A19103F-16F7-4668-BE54-9A1E7A4F7556}") = "LamuFlix.Data", "src\LamuFlix.Data\LamuFlix.Data.csproj", "{5AB504FF-2FAF-479D-9E4F-94057FCD0607}"
EndProject
Project("{9A19103F-16F7-4668-BE54-9A1E7A4F7556}") = "LamuFlix.Web", "src\LamuFlix.Web\LamuFlix.Web.csproj", "{68708670-AE09-4203-A325-DC367DDB6214}"
EndProject
Project("{2150E333-8FDC-42A3-9474-1A3956D46DE8}") = "src", "src", "{827E0CD3-B72D-47B6-A68D-7590B98EB39B}"
EndProject
Project("{FAE04EC0-301F-11D3-BF4B-00C04F79EFBC}") = "LamuFlix.Core", "src\LamuFlix.Core\LamuFlix.Core.csproj", "{028C0CC9-C5EB-4BD7-A704-D3219BF974D6}"
EndProject
Project("{FAE04EC0-301F-11D3-BF4B-00C04F79EFBC}") = "LamuFlix.Infrastructure", "src\LamuFlix.Infrastructure\LamuFlix.Infrastructure.csproj", "{CD635202-17E1-427A-B4B3-237FFC9E4581}"
EndProject
Project("{FAE04EC0-301F-11D3-BF4B-00C04F79EFBC}") = "LamuFlix.ServiceDefaults", "src\LamuFlix.ServiceDefaults\LamuFlix.ServiceDefaults.csproj", "{A0D50539-FDC0-411A-84DD-4842F4CAC536}"
EndProject
Project("{FAE04EC0-301F-11D3-BF4B-00C04F79EFBC}") = "LamuFlix.Api", "src\LamuFlix.Api\LamuFlix.Api.csproj", "{0B25975A-E0BC-4492-99C9-46B294CB3C89}"
EndProject
Project("{2150E333-8FDC-42A3-9474-1A3956D46DE8}") = "tests", "tests", "{0AB3BF05-4346-4AA6-1389-037BE0695223}"
EndProject
Project("{FAE04EC0-301F-11D3-BF4B-00C04F79EFBC}") = "LamuFlix.ArchitectureTests", "tests\LamuFlix.ArchitectureTests\LamuFlix.ArchitectureTests.csproj", "{39C7CA7D-D159-4F7B-926F-9D340761C41A}"
EndProject
Global
	GlobalSection(SolutionConfigurationPlatforms) = preSolution
		Debug|Any CPU = Debug|Any CPU
		Debug|x64 = Debug|x64
		Debug|x86 = Debug|x86
		Release|Any CPU = Release|Any CPU
		Release|x64 = Release|x64
		Release|x86 = Release|x86
	EndGlobalSection
	GlobalSection(ProjectConfigurationPlatforms) = postSolution
		{36FFE64A-5FD6-48CD-B3BB-64EC05560E03}.Debug|Any CPU.ActiveCfg = Debug|Any CPU
		{36FFE64A-5FD6-48CD-B3BB-64EC05560E03}.Debug|Any CPU.Build.0 = Debug|Any CPU
		{36FFE64A-5FD6-48CD-B3BB-64EC05560E03}.Debug|x64.ActiveCfg = Debug|Any CPU
		{36FFE64A-5FD6-48CD-B3BB-64EC05560E03}.Debug|x64.Build.0 = Debug|Any CPU
		{36FFE64A-5FD6-48CD-B3BB-64EC05560E03}.Debug|x86.ActiveCfg = Debug|Any CPU
		{36FFE64A-5FD6-48CD-B3BB-64EC05560E03}.Debug|x86.Build.0 = Debug|Any CPU
		{36FFE64A-5FD6-48CD-B3BB-64EC05560E03}.Release|Any CPU.ActiveCfg = Release|Any CPU
		{36FFE64A-5FD6-48CD-B3BB-64EC05560E03}.Release|Any CPU.Build.0 = Release|Any CPU
		{36FFE64A-5FD6-48CD-B3BB-64EC05560E03}.Release|x64.ActiveCfg = Release|Any CPU
		{36FFE64A-5FD6-48CD-B3BB-64EC05560E03}.Release|x64.Build.0 = Release|Any CPU
		{36FFE64A-5FD6-48CD-B3BB-64EC05560E03}.Release|x86.ActiveCfg = Release|Any CPU
		{36FFE64A-5FD6-48CD-B3BB-64EC05560E03}.Release|x86.Build.0 = Release|Any CPU
		{45101AC4-6545-468C-8FFA-E6C39D8541DA}.Debug|Any CPU.ActiveCfg = Debug|Any CPU
		{45101AC4-6545-468C-8FFA-E6C39D8541DA}.Debug|Any CPU.Build.0 = Debug|Any CPU
		{45101AC4-6545-468C-8FFA-E6C39D8541DA}.Debug|x64.ActiveCfg = Debug|Any CPU
		{45101AC4-6545-468C-8FFA-E6C39D8541DA}.Debug|x64.Build.0 = Debug|Any CPU
		{45101AC4-6545-468C-8FFA-E6C39D8541DA}.Debug|x86.ActiveCfg = Debug|Any CPU
		{45101AC4-6545-468C-8FFA-E6C39D8541DA}.Debug|x86.Build.0 = Debug|Any CPU
		{45101AC4-6545-468C-8FFA-E6C39D8541DA}.Release|Any CPU.ActiveCfg = Release|Any CPU
		{45101AC4-6545-468C-8FFA-E6C39D8541DA}.Release|Any CPU.Build.0 = Release|Any CPU
		{45101AC4-6545-468C-8FFA-E6C39D8541DA}.Release|x64.ActiveCfg = Release|Any CPU
		{45101AC4-6545-468C-8FFA-E6C39D8541DA}.Release|x64.Build.0 = Release|Any CPU
		{45101AC4-6545-468C-8FFA-E6C39D8541DA}.Release|x86.ActiveCfg = Release|Any CPU
		{45101AC4-6545-468C-8FFA-E6C39D8541DA}.Release|x86.Build.0 = Release|Any CPU
		{5AB504FF-2FAF-479D-9E4F-94057FCD0607}.Debug|Any CPU.ActiveCfg = Debug|Any CPU
		{5AB504FF-2FAF-479D-9E4F-94057FCD0607}.Debug|Any CPU.Build.0 = Debug|Any CPU
		{5AB504FF-2FAF-479D-9E4F-94057FCD0607}.Debug|x64.ActiveCfg = Debug|Any CPU
		{5AB504FF-2FAF-479D-9E4F-94057FCD0607}.Debug|x64.Build.0 = Debug|Any CPU
		{5AB504FF-2FAF-479D-9E4F-94057FCD0607}.Debug|x86.ActiveCfg = Debug|Any CPU
		{5AB504FF-2FAF-479D-9E4F-94057FCD0607}.Debug|x86.Build.0 = Debug|Any CPU
		{5AB504FF-2FAF-479D-9E4F-94057FCD0607}.Release|Any CPU.ActiveCfg = Release|Any CPU
		{5AB504FF-2FAF-479D-9E4F-94057FCD0607}.Release|Any CPU.Build.0 = Release|Any CPU
		{5AB504FF-2FAF-479D-9E4F-94057FCD0607}.Release|x64.ActiveCfg = Release|Any CPU
		{5AB504FF-2FAF-479D-9E4F-94057FCD0607}.Release|x64.Build.0 = Release|Any CPU
		{5AB504FF-2FAF-479D-9E4F-94057FCD0607}.Release|x86.ActiveCfg = Release|Any CPU
		{5AB504FF-2FAF-479D-9E4F-94057FCD0607}.Release|x86.Build.0 = Release|Any CPU
		{68708670-AE09-4203-A325-DC367DDB6214}.Debug|Any CPU.ActiveCfg = Debug|Any CPU
		{68708670-AE09-4203-A325-DC367DDB6214}.Debug|Any CPU.Build.0 = Debug|Any CPU
		{68708670-AE09-4203-A325-DC367DDB6214}.Debug|x64.ActiveCfg = Debug|Any CPU
		{68708670-AE09-4203-A325-DC367DDB6214}.Debug|x64.Build.0 = Debug|Any CPU
		{68708670-AE09-4203-A325-DC367DDB6214}.Debug|x86.ActiveCfg = Debug|Any CPU
		{68708670-AE09-4203-A325-DC367DDB6214}.Debug|x86.Build.0 = Debug|Any CPU
		{68708670-AE09-4203-A325-DC367DDB6214}.Release|Any CPU.ActiveCfg = Release|Any CPU
		{68708670-AE09-4203-A325-DC367DDB6214}.Release|Any CPU.Build.0 = Release|Any CPU
		{68708670-AE09-4203-A325-DC367DDB6214}.Release|x64.ActiveCfg = Release|Any CPU
		{68708670-AE09-4203-A325-DC367DDB6214}.Release|x64.Build.0 = Release|Any CPU
		{68708670-AE09-4203-A325-DC367DDB6214}.Release|x86.ActiveCfg = Release|Any CPU
		{68708670-AE09-4203-A325-DC367DDB6214}.Release|x86.Build.0 = Release|Any CPU
		{028C0CC9-C5EB-4BD7-A704-D3219BF974D6}.Debug|Any CPU.ActiveCfg = Debug|Any CPU
		{028C0CC9-C5EB-4BD7-A704-D3219BF974D6}.Debug|Any CPU.Build.0 = Debug|Any CPU
		{028C0CC9-C5EB-4BD7-A704-D3219BF974D6}.Debug|x64.ActiveCfg = Debug|Any CPU
		{028C0CC9-C5EB-4BD7-A704-D3219BF974D6}.Debug|x64.Build.0 = Debug|Any CPU
		{028C0CC9-C5EB-4BD7-A704-D3219BF974D6}.Debug|x86.ActiveCfg = Debug|Any CPU
		{028C0CC9-C5EB-4BD7-A704-D3219BF974D6}.Debug|x86.Build.0 = Debug|Any CPU
		{028C0CC9-C5EB-4BD7-A704-D3219BF974D6}.Release|Any CPU.ActiveCfg = Release|Any CPU
		{028C0CC9-C5EB-4BD7-A704-D3219BF974D6}.Release|Any CPU.Build.0 = Release|Any CPU
		{028C0CC9-C5EB-4BD7-A704-D3219BF974D6}.Release|x64.ActiveCfg = Release|Any CPU
		{028C0CC9-C5EB-4BD7-A704-D3219BF974D6}.Release|x64.Build.0 = Release|Any CPU
		{028C0CC9-C5EB-4BD7-A704-D3219BF974D6}.Release|x86.ActiveCfg = Release|Any CPU
		{028C0CC9-C5EB-4BD7-A704-D3219BF974D6}.Release|x86.Build.0 = Release|Any CPU
		{CD635202-17E1-427A-B4B3-237FFC9E4581}.Debug|Any CPU.ActiveCfg = Debug|Any CPU
		{CD635202-17E1-427A-B4B3-237FFC9E4581}.Debug|Any CPU.Build.0 = Debug|Any CPU
		{CD635202-17E1-427A-B4B3-237FFC9E4581}.Debug|x64.ActiveCfg = Debug|Any CPU
		{CD635202-17E1-427A-B4B3-237FFC9E4581}.Debug|x64.Build.0 = Debug|Any CPU
		{CD635202-17E1-427A-B4B3-237FFC9E4581}.Debug|x86.ActiveCfg = Debug|Any CPU
		{CD635202-17E1-427A-B4B3-237FFC9E4581}.Debug|x86.Build.0 = Debug|Any CPU
		{CD635202-17E1-427A-B4B3-237FFC9E4581}.Release|Any CPU.ActiveCfg = Release|Any CPU
		{CD635202-17E1-427A-B4B3-237FFC9E4581}.Release|Any CPU.Build.0 = Release|Any CPU
		{CD635202-17E1-427A-B4B3-237FFC9E4581}.Release|x64.ActiveCfg = Release|Any CPU
		{CD635202-17E1-427A-B4B3-237FFC9E4581}.Release|x64.Build.0 = Release|Any CPU
		{CD635202-17E1-427A-B4B3-237FFC9E4581}.Release|x86.ActiveCfg = Release|Any CPU
		{CD635202-17E1-427A-B4B3-237FFC9E4581}.Release|x86.Build.0 = Release|Any CPU
		{A0D50539-FDC0-411A-84DD-4842F4CAC536}.Debug|Any CPU.ActiveCfg = Debug|Any CPU
		{A0D50539-FDC0-411A-84DD-4842F4CAC536}.Debug|Any CPU.Build.0 = Debug|Any CPU
		{A0D50539-FDC0-411A-84DD-4842F4CAC536}.Debug|x64.ActiveCfg = Debug|Any CPU
		{A0D50539-FDC0-411A-84DD-4842F4CAC536}.Debug|x64.Build.0 = Debug|Any CPU
		{A0D50539-FDC0-411A-84DD-4842F4CAC536}.Debug|x86.ActiveCfg = Debug|Any CPU
		{A0D50539-FDC0-411A-84DD-4842F4CAC536}.Debug|x86.Build.0 = Debug|Any CPU
		{A0D50539-FDC0-411A-84DD-4842F4CAC536}.Release|Any CPU.ActiveCfg = Release|Any CPU
		{A0D50539-FDC0-411A-84DD-4842F4CAC536}.Release|Any CPU.Build.0 = Release|Any CPU
		{A0D50539-FDC0-411A-84DD-4842F4CAC536}.Release|x64.ActiveCfg = Release|Any CPU
		{A0D50539-FDC0-411A-84DD-4842F4CAC536}.Release|x64.Build.0 = Release|Any CPU
		{A0D50539-FDC0-411A-84DD-4842F4CAC536}.Release|x86.ActiveCfg = Release|Any CPU
		{A0D50539-FDC0-411A-84DD-4842F4CAC536}.Release|x86.Build.0 = Release|Any CPU
		{0B25975A-E0BC-4492-99C9-46B294CB3C89}.Debug|Any CPU.ActiveCfg = Debug|Any CPU
		{0B25975A-E0BC-4492-99C9-46B294CB3C89}.Debug|Any CPU.Build.0 = Debug|Any CPU
		{0B25975A-E0BC-4492-99C9-46B294CB3C89}.Debug|x64.ActiveCfg = Debug|Any CPU
		{0B25975A-E0BC-4492-99C9-46B294CB3C89}.Debug|x64.Build.0 = Debug|Any CPU
		{0B25975A-E0BC-4492-99C9-46B294CB3C89}.Debug|x86.ActiveCfg = Debug|Any CPU
		{0B25975A-E0BC-4492-99C9-46B294CB3C89}.Debug|x86.Build.0 = Debug|Any CPU
		{0B25975A-E0BC-4492-99C9-46B294CB3C89}.Release|Any CPU.ActiveCfg = Release|Any CPU
		{0B25975A-E0BC-4492-99C9-46B294CB3C89}.Release|Any CPU.Build.0 = Release|Any CPU
		{0B25975A-E0BC-4492-99C9-46B294CB3C89}.Release|x64.ActiveCfg = Release|Any CPU
		{0B25975A-E0BC-4492-99C9-46B294CB3C89}.Release|x64.Build.0 = Release|Any CPU
		{0B25975A-E0BC-4492-99C9-46B294CB3C89}.Release|x86.ActiveCfg = Release|Any CPU
		{0B25975A-E0BC-4492-99C9-46B294CB3C89}.Release|x86.Build.0 = Release|Any CPU
		{39C7CA7D-D159-4F7B-926F-9D340761C41A}.Debug|Any CPU.ActiveCfg = Debug|Any CPU
		{39C7CA7D-D159-4F7B-926F-9D340761C41A}.Debug|Any CPU.Build.0 = Debug|Any CPU
		{39C7CA7D-D159-4F7B-926F-9D340761C41A}.Debug|x64.ActiveCfg = Debug|Any CPU
		{39C7CA7D-D159-4F7B-926F-9D340761C41A}.Debug|x64.Build.0 = Debug|Any CPU
		{39C7CA7D-D159-4F7B-926F-9D340761C41A}.Debug|x86.ActiveCfg = Debug|Any CPU
		{39C7CA7D-D159-4F7B-926F-9D340761C41A}.Debug|x86.Build.0 = Debug|Any CPU
		{39C7CA7D-D159-4F7B-926F-9D340761C41A}.Release|Any CPU.ActiveCfg = Release|Any CPU
		{39C7CA7D-D159-4F7B-926F-9D340761C41A}.Release|Any CPU.Build.0 = Release|Any CPU
		{39C7CA7D-D159-4F7B-926F-9D340761C41A}.Release|x64.ActiveCfg = Release|Any CPU
		{39C7CA7D-D159-4F7B-926F-9D340761C41A}.Release|x64.Build.0 = Release|Any CPU
		{39C7CA7D-D159-4F7B-926F-9D340761C41A}.Release|x86.ActiveCfg = Release|Any CPU
		{39C7CA7D-D159-4F7B-926F-9D340761C41A}.Release|x86.Build.0 = Release|Any CPU
	EndGlobalSection
	GlobalSection(SolutionProperties) = preSolution
		HideSolutionNode = FALSE
	EndGlobalSection
	GlobalSection(NestedProjects) = preSolution
		{028C0CC9-C5EB-4BD7-A704-D3219BF974D6} = {827E0CD3-B72D-47B6-A68D-7590B98EB39B}
		{CD635202-17E1-427A-B4B3-237FFC9E4581} = {827E0CD3-B72D-47B6-A68D-7590B98EB39B}
		{A0D50539-FDC0-411A-84DD-4842F4CAC536} = {827E0CD3-B72D-47B6-A68D-7590B98EB39B}
		{0B25975A-E0BC-4492-99C9-46B294CB3C89} = {827E0CD3-B72D-47B6-A68D-7590B98EB39B}
		{39C7CA7D-D159-4F7B-926F-9D340761C41A} = {0AB3BF05-4346-4AA6-1389-037BE0695223}
	EndGlobalSection
	GlobalSection(ExtensibilityGlobals) = postSolution
		SolutionGuid = {4423ADF8-09BD-42DB-BE98-093724830C2F}
	EndGlobalSection
EndGlobal
